
Microsoft Visual Studio Solution File, Format Version 12.00
# Visual Studio Version 16
VisualStudioVersion = 16.0.30907.101
MinimumVisualStudioVersion = 10.0.40219.1
Project("{FAE04EC0-301F-11D3-BF4B-00C04F79EFBC}") = "SimpleWebApp", "SimpleWebApp.csproj", "{157E46DB-38C5-4B15-A6EB-3499FA87F745}"
EndProject
Global
	GlobalSection(SolutionConfigurationPlatforms) = preSolution
		Debug|Any CPU = Debug|Any CPU
		Release|Any CPU = Release|Any CPU
	EndGlobalSection
	GlobalSection(ProjectConfigurationPlatforms) = postSolution
		{157E46DB-38C5-4B15-A6EB-3499FA87F745}.Debug|Any CPU.ActiveCfg = Debug|Any CPU
		{157E46DB-38C5-4B15-A6EB-3499FA87F745}.Debug|Any CPU.Build.0 = Debug|Any CPU
		{157E46DB-38C5-4B15-A6EB-3499FA87F745}.Release|Any CPU.ActiveCfg = Release|Any CPU
		{157E46DB-38C5-4B15-A6EB-3499FA87F745}.Release|Any CPU.Build.0 = Release|Any CPU
	EndGlobalSection
	GlobalSection(SolutionProperties) = preSolution
		HideSolutionNode = FALSE
	EndGlobalSection
	GlobalSection(ExtensibilityGlobals) = postSolution
		SolutionGuid = {E95C5809-EC57-45FE-BF2B-3DF1BED6B7D8}
	EndGlobalSection
EndGlobal
